
Microsoft Visual Studio Solution File, Format Version 12.00
Project("{FAE04EC0-301F-11D3-BF4B-00C04F79EFBC}") = "Alza.API", "Alza.API\Alza.API.csproj", "{EEAB8C0D-A07E-4895-AAB3-82BD3C29FC30}"
EndProject
Project("{FAE04EC0-301F-11D3-BF4B-00C04F79EFBC}") = "Alza.Application", "Alza.Application\Alza.Application.csproj", "{49A06CFD-6440-4C81-8DEF-24C50EC112FB}"
EndProject
Project("{FAE04EC0-301F-11D3-BF4B-00C04F79EFBC}") = "Alza.Infrastructure", "Alza.Infrastructure\Alza.Infrastructure.csproj", "{AB4F4AD0-F5E6-4347-942F-66155323A8A8}"
EndProject
Project("{FAE04EC0-301F-11D3-BF4B-00C04F79EFBC}") = "Alza.Domain", "Alza.Domain\Alza.Domain.csproj", "{2DCCBEF9-82F7-4609-B7EA-2C89E3030F8D}"
EndProject
Project("{FAE04EC0-301F-11D3-BF4B-00C04F79EFBC}") = "Alza.Application.Tests", "Alza.Application.Tests\Alza.Application.Tests.csproj", "{927C15D6-FD4F-4120-876B-ABD6424A9C39}"
EndProject
Project("{FAE04EC0-301F-11D3-BF4B-00C04F79EFBC}") = "Alza.Infrastructure.Tests", "Alza.Infrastructure.Tests\Alza.Infrastructure.Tests.csproj", "{A4D8D5D3-6256-4E73-82D8-7AD30914455B}"
EndProject
Project("{FAE04EC0-301F-11D3-BF4B-00C04F79EFBC}") = "Alza.Api.Tests", "Alza.Api.Tests\Alza.Api.Tests.csproj", "{F6CC4DB4-69D1-4A4A-B517-8DE5FA8B0E16}"
EndProject
Project("{2150E333-8FDC-42A3-9474-1A3956D46DE8}") = "Src", "Src", "{2F3A3AF2-B05A-437C-8437-A392D2FC0867}"
EndProject
Project("{2150E333-8FDC-42A3-9474-1A3956D46DE8}") = "Tests", "Tests", "{518383AD-F56F-42D5-9881-EAB6DA7E4A2F}"
EndProject
Global
	GlobalSection(SolutionConfigurationPlatforms) = preSolution
		Debug|Any CPU = Debug|Any CPU
		Release|Any CPU = Release|Any CPU
	EndGlobalSection
	GlobalSection(ProjectConfigurationPlatforms) = postSolution
		{EEAB8C0D-A07E-4895-AAB3-82BD3C29FC30}.Debug|Any CPU.ActiveCfg = Debug|Any CPU
		{EEAB8C0D-A07E-4895-AAB3-82BD3C29FC30}.Debug|Any CPU.Build.0 = Debug|Any CPU
		{EEAB8C0D-A07E-4895-AAB3-82BD3C29FC30}.Release|Any CPU.ActiveCfg = Release|Any CPU
		{EEAB8C0D-A07E-4895-AAB3-82BD3C29FC30}.Release|Any CPU.Build.0 = Release|Any CPU
		{49A06CFD-6440-4C81-8DEF-24C50EC112FB}.Debug|Any CPU.ActiveCfg = Debug|Any CPU
		{49A06CFD-6440-4C81-8DEF-24C50EC112FB}.Debug|Any CPU.Build.0 = Debug|Any CPU
		{49A06CFD-6440-4C81-8DEF-24C50EC112FB}.Release|Any CPU.ActiveCfg = Release|Any CPU
		{49A06CFD-6440-4C81-8DEF-24C50EC112FB}.Release|Any CPU.Build.0 = Release|Any CPU
		{AB4F4AD0-F5E6-4347-942F-66155323A8A8}.Debug|Any CPU.ActiveCfg = Debug|Any CPU
		{AB4F4AD0-F5E6-4347-942F-66155323A8A8}.Debug|Any CPU.Build.0 = Debug|Any CPU
		{AB4F4AD0-F5E6-4347-942F-66155323A8A8}.Release|Any CPU.ActiveCfg = Release|Any CPU
		{AB4F4AD0-F5E6-4347-942F-66155323A8A8}.Release|Any CPU.Build.0 = Release|Any CPU
		{2DCCBEF9-82F7-4609-B7EA-2C89E3030F8D}.Debug|Any CPU.ActiveCfg = Debug|Any CPU
		{2DCCBEF9-82F7-4609-B7EA-2C89E3030F8D}.Debug|Any CPU.Build.0 = Debug|Any CPU
		{2DCCBEF9-82F7-4609-B7EA-2C89E3030F8D}.Release|Any CPU.ActiveCfg = Release|Any CPU
		{2DCCBEF9-82F7-4609-B7EA-2C89E3030F8D}.Release|Any CPU.Build.0 = Release|Any CPU
		{927C15D6-FD4F-4120-876B-ABD6424A9C39}.Debug|Any CPU.ActiveCfg = Debug|Any CPU
		{927C15D6-FD4F-4120-876B-ABD6424A9C39}.Debug|Any CPU.Build.0 = Debug|Any CPU
		{927C15D6-FD4F-4120-876B-ABD6424A9C39}.Release|Any CPU.ActiveCfg = Release|Any CPU
		{927C15D6-FD4F-4120-876B-ABD6424A9C39}.Release|Any CPU.Build.0 = Release|Any CPU
		{A4D8D5D3-6256-4E73-82D8-7AD30914455B}.Debug|Any CPU.ActiveCfg = Debug|Any CPU
		{A4D8D5D3-6256-4E73-82D8-7AD30914455B}.Debug|Any CPU.Build.0 = Debug|Any CPU
		{A4D8D5D3-6256-4E73-82D8-7AD30914455B}.Release|Any CPU.ActiveCfg = Release|Any CPU
		{A4D8D5D3-6256-4E73-82D8-7AD30914455B}.Release|Any CPU.Build.0 = Release|Any CPU
		{F6CC4DB4-69D1-4A4A-B517-8DE5FA8B0E16}.Debug|Any CPU.ActiveCfg = Debug|Any CPU
		{F6CC4DB4-69D1-4A4A-B517-8DE5FA8B0E16}.Debug|Any CPU.Build.0 = Debug|Any CPU
		{F6CC4DB4-69D1-4A4A-B517-8DE5FA8B0E16}.Release|Any CPU.ActiveCfg = Release|Any CPU
		{F6CC4DB4-69D1-4A4A-B517-8DE5FA8B0E16}.Release|Any CPU.Build.0 = Release|Any CPU
	EndGlobalSection
	GlobalSection(NestedProjects) = preSolution
		{EEAB8C0D-A07E-4895-AAB3-82BD3C29FC30} = {2F3A3AF2-B05A-437C-8437-A392D2FC0867}
		{49A06CFD-6440-4C81-8DEF-24C50EC112FB} = {2F3A3AF2-B05A-437C-8437-A392D2FC0867}
		{2DCCBEF9-82F7-4609-B7EA-2C89E3030F8D} = {2F3A3AF2-B05A-437C-8437-A392D2FC0867}
		{AB4F4AD0-F5E6-4347-942F-66155323A8A8} = {2F3A3AF2-B05A-437C-8437-A392D2FC0867}
		{F6CC4DB4-69D1-4A4A-B517-8DE5FA8B0E16} = {518383AD-F56F-42D5-9881-EAB6DA7E4A2F}
		{927C15D6-FD4F-4120-876B-ABD6424A9C39} = {518383AD-F56F-42D5-9881-EAB6DA7E4A2F}
		{A4D8D5D3-6256-4E73-82D8-7AD30914455B} = {518383AD-F56F-42D5-9881-EAB6DA7E4A2F}
	EndGlobalSection
EndGlobal
